
Microsoft Visual Studio Solution File, Format Version 12.00
# Visual Studio Version 16
VisualStudioVersion = 16.0.31402.337
MinimumVisualStudioVersion = 10.0.40219.1
Project("{FAE04EC0-301F-11D3-BF4B-00C04F79EFBC}") = "KioskQMS", "KioskQMS\KioskQMS.csproj", "{EFF9C4BC-C268-44BE-87E3-1E56CE4EF0D0}"
EndProject
Project("{54435603-DBB4-11D2-8724-00A0C9A8B90C}") = "PBQ", "PBQ\PBQ.vdproj", "{4614760E-EDE9-4BE5-9A73-3D9199D9E56F}"
EndProject
Project("{54435603-DBB4-11D2-8724-00A0C9A8B90C}") = "PBQ-V2", "PBQ-V2\PBQ-V2.vdproj", "{435EB422-4582-4FE7-BB51-2E748FA5417B}"
EndProject
Project("{54435603-DBB4-11D2-8724-00A0C9A8B90C}") = "PBQ_FINAL_INIT_VERSION", "PBQ_FINAL_INIT_VERSION\PBQ_FINAL_INIT_VERSION.vdproj", "{C3B111D2-2B3B-44C5-8244-814124AFF755}"
EndProject
Project("{54435603-DBB4-11D2-8724-00A0C9A8B90C}") = "PBQ_FINAL_KIOSK", "PBQ_FINAL_KIOSK\PBQ_FINAL_KIOSK.vdproj", "{107DC215-DC8B-443E-88A4-4D7537EFCE54}"
EndProject
Global
	GlobalSection(SolutionConfigurationPlatforms) = preSolution
		Debug|Any CPU = Debug|Any CPU
		Release|Any CPU = Release|Any CPU
	EndGlobalSection
	GlobalSection(ProjectConfigurationPlatforms) = postSolution
		{EFF9C4BC-C268-44BE-87E3-1E56CE4EF0D0}.Debug|Any CPU.ActiveCfg = Debug|Any CPU
		{EFF9C4BC-C268-44BE-87E3-1E56CE4EF0D0}.Debug|Any CPU.Build.0 = Debug|Any CPU
		{EFF9C4BC-C268-44BE-87E3-1E56CE4EF0D0}.Release|Any CPU.ActiveCfg = Release|Any CPU
		{EFF9C4BC-C268-44BE-87E3-1E56CE4EF0D0}.Release|Any CPU.Build.0 = Release|Any CPU
		{4614760E-EDE9-4BE5-9A73-3D9199D9E56F}.Debug|Any CPU.ActiveCfg = Debug
		{4614760E-EDE9-4BE5-9A73-3D9199D9E56F}.Release|Any CPU.ActiveCfg = Release
		{435EB422-4582-4FE7-BB51-2E748FA5417B}.Debug|Any CPU.ActiveCfg = Debug
		{435EB422-4582-4FE7-BB51-2E748FA5417B}.Release|Any CPU.ActiveCfg = Release
		{C3B111D2-2B3B-44C5-8244-814124AFF755}.Debug|Any CPU.ActiveCfg = Debug
		{C3B111D2-2B3B-44C5-8244-814124AFF755}.Release|Any CPU.ActiveCfg = Release
		{107DC215-DC8B-443E-88A4-4D7537EFCE54}.Debug|Any CPU.ActiveCfg = Debug
		{107DC215-DC8B-443E-88A4-4D7537EFCE54}.Release|Any CPU.ActiveCfg = Release
	EndGlobalSection
	GlobalSection(SolutionProperties) = preSolution
		HideSolutionNode = FALSE
	EndGlobalSection
	GlobalSection(ExtensibilityGlobals) = postSolution
		SolutionGuid = {BCD04AB8-9FC5-41A5-AD1B-9E3633123B89}
	EndGlobalSection
EndGlobal
